// !$*UTF8*$!
{
	archiveVersion = 1;
	classes = {
	};
	objectVersion = 50;
	objects = {

/* Begin PBXBuildFile section */
		FC0CE41C267DB7EE00BABBF3 /* AppDelegate.swift in Sources */ = {isa = PBXBuildFile; fileRef = FC0CE41B267DB7EE00BABBF3 /* AppDelegate.swift */; };
		FC0CE41E267DB7EE00BABBF3 /* SceneDelegate.swift in Sources */ = {isa = PBXBuildFile; fileRef = FC0CE41D267DB7EE00BABBF3 /* SceneDelegate.swift */; };
		FC0CE423267DB7EE00BABBF3 /* Main.storyboard in Resources */ = {isa = PBXBuildFile; fileRef = FC0CE421267DB7EE00BABBF3 /* Main.storyboard */; };
		FC0CE425267DB7EF00BABBF3 /* Assets.xcassets in Resources */ = {isa = PBXBuildFile; fileRef = FC0CE424267DB7EF00BABBF3 /* Assets.xcassets */; };
		FC0CE428267DB7EF00BABBF3 /* LaunchScreen.storyboard in Resources */ = {isa = PBXBuildFile; fileRef = FC0CE426267DB7EF00BABBF3 /* LaunchScreen.storyboard */; };
		FC0CE433267DB7EF00BABBF3 /* nba_teamsTests.swift in Sources */ = {isa = PBXBuildFile; fileRef = FC0CE432267DB7EF00BABBF3 /* nba_teamsTests.swift */; };
		FC0CE43E267DB7EF00BABBF3 /* nba_teamsUITests.swift in Sources */ = {isa = PBXBuildFile; fileRef = FC0CE43D267DB7EF00BABBF3 /* nba_teamsUITests.swift */; };
		FC0CE44D267DBB8100BABBF3 /* Network.swift in Sources */ = {isa = PBXBuildFile; fileRef = FC0CE44C267DBB8100BABBF3 /* Network.swift */; };
		FC0CE44F267DBBC100BABBF3 /* NetworkError.swift in Sources */ = {isa = PBXBuildFile; fileRef = FC0CE44E267DBBC100BABBF3 /* NetworkError.swift */; };
		FC0CE451267DBECC00BABBF3 /* Team.swift in Sources */ = {isa = PBXBuildFile; fileRef = FC0CE450267DBECC00BABBF3 /* Team.swift */; };
		FC0CE453267DC12D00BABBF3 /* Constants.swift in Sources */ = {isa = PBXBuildFile; fileRef = FC0CE452267DC12D00BABBF3 /* Constants.swift */; };
		FC0CE455267DC59D00BABBF3 /* Endpoint.swift in Sources */ = {isa = PBXBuildFile; fileRef = FC0CE454267DC59D00BABBF3 /* Endpoint.swift */; };
		FC0CE457267DC75800BABBF3 /* WebServices.swift in Sources */ = {isa = PBXBuildFile; fileRef = FC0CE456267DC75800BABBF3 /* WebServices.swift */; };
		FC0CE45A267DCC3500BABBF3 /* TeamsViewController.swift in Sources */ = {isa = PBXBuildFile; fileRef = FC0CE459267DCC3500BABBF3 /* TeamsViewController.swift */; };
/* End PBXBuildFile section */

/* Begin PBXContainerItemProxy section */
		FC0CE42F267DB7EF00BABBF3 /* PBXContainerItemProxy */ = {
			isa = PBXContainerItemProxy;
			containerPortal = FC0CE410267DB7EE00BABBF3 /* Project object */;
			proxyType = 1;
			remoteGlobalIDString = FC0CE417267DB7EE00BABBF3;
			remoteInfo = "nba-teams";
		};
		FC0CE43A267DB7EF00BABBF3 /* PBXContainerItemProxy */ = {
			isa = PBXContainerItemProxy;
			containerPortal = FC0CE410267DB7EE00BABBF3 /* Project object */;
			proxyType = 1;
			remoteGlobalIDString = FC0CE417267DB7EE00BABBF3;
			remoteInfo = "nba-teams";
		};
/* End PBXContainerItemProxy section */

/* Begin PBXFileReference section */
		FC0CE418267DB7EE00BABBF3 /* nba-teams.app */ = {isa = PBXFileReference; explicitFileType = wrapper.application; includeInIndex = 0; path = "nba-teams.app"; sourceTree = BUILT_PRODUCTS_DIR; };
		FC0CE41B267DB7EE00BABBF3 /* AppDelegate.swift */ = {isa = PBXFileReference; lastKnownFileType = sourcecode.swift; path = AppDelegate.swift; sourceTree = "<group>"; };
		FC0CE41D267DB7EE00BABBF3 /* SceneDelegate.swift */ = {isa = PBXFileReference; lastKnownFileType = sourcecode.swift; path = SceneDelegate.swift; sourceTree = "<group>"; };
		FC0CE422267DB7EE00BABBF3 /* Base */ = {isa = PBXFileReference; lastKnownFileType = file.storyboard; name = Base; path = Base.lproj/Main.storyboard; sourceTree = "<group>"; };
		FC0CE424267DB7EF00BABBF3 /* Assets.xcassets */ = {isa = PBXFileReference; lastKnownFileType = folder.assetcatalog; path = Assets.xcassets; sourceTree = "<group>"; };
		FC0CE427267DB7EF00BABBF3 /* Base */ = {isa = PBXFileReference; lastKnownFileType = file.storyboard; name = Base; path = Base.lproj/LaunchScreen.storyboard; sourceTree = "<group>"; };
		FC0CE429267DB7EF00BABBF3 /* Info.plist */ = {isa = PBXFileReference; lastKnownFileType = text.plist.xml; path = Info.plist; sourceTree = "<group>"; };
		FC0CE42E267DB7EF00BABBF3 /* nba-teamsTests.xctest */ = {isa = PBXFileReference; explicitFileType = wrapper.cfbundle; includeInIndex = 0; path = "nba-teamsTests.xctest"; sourceTree = BUILT_PRODUCTS_DIR; };
		FC0CE432267DB7EF00BABBF3 /* nba_teamsTests.swift */ = {isa = PBXFileReference; lastKnownFileType = sourcecode.swift; path = nba_teamsTests.swift; sourceTree = "<group>"; };
		FC0CE434267DB7EF00BABBF3 /* Info.plist */ = {isa = PBXFileReference; lastKnownFileType = text.plist.xml; path = Info.plist; sourceTree = "<group>"; };
		FC0CE439267DB7EF00BABBF3 /* nba-teamsUITests.xctest */ = {isa = PBXFileReference; explicitFileType = wrapper.cfbundle; includeInIndex = 0; path = "nba-teamsUITests.xctest"; sourceTree = BUILT_PRODUCTS_DIR; };
		FC0CE43D267DB7EF00BABBF3 /* nba_teamsUITests.swift */ = {isa = PBXFileReference; lastKnownFileType = sourcecode.swift; path = nba_teamsUITests.swift; sourceTree = "<group>"; };
		FC0CE43F267DB7EF00BABBF3 /* Info.plist */ = {isa = PBXFileReference; lastKnownFileType = text.plist.xml; path = Info.plist; sourceTree = "<group>"; };
		FC0CE44C267DBB8100BABBF3 /* Network.swift */ = {isa = PBXFileReference; lastKnownFileType = sourcecode.swift; path = Network.swift; sourceTree = "<group>"; };
		FC0CE44E267DBBC100BABBF3 /* NetworkError.swift */ = {isa = PBXFileReference; lastKnownFileType = sourcecode.swift; path = NetworkError.swift; sourceTree = "<group>"; };
		FC0CE450267DBECC00BABBF3 /* Team.swift */ = {isa = PBXFileReference; lastKnownFileType = sourcecode.swift; path = Team.swift; sourceTree = "<group>"; };
		FC0CE452267DC12D00BABBF3 /* Constants.swift */ = {isa = PBXFileReference; lastKnownFileType = sourcecode.swift; path = Constants.swift; sourceTree = "<group>"; };
		FC0CE454267DC59D00BABBF3 /* Endpoint.swift */ = {isa = PBXFileReference; lastKnownFileType = sourcecode.swift; path = Endpoint.swift; sourceTree = "<group>"; };
		FC0CE456267DC75800BABBF3 /* WebServices.swift */ = {isa = PBXFileReference; lastKnownFileType = sourcecode.swift; path = WebServices.swift; sourceTree = "<group>"; };
		FC0CE459267DCC3500BABBF3 /* TeamsViewController.swift */ = {isa = PBXFileReference; lastKnownFileType = sourcecode.swift; path = TeamsViewController.swift; sourceTree = "<group>"; };
/* End PBXFileReference section */

/* Begin PBXFrameworksBuildPhase section */
		FC0CE415267DB7EE00BABBF3 /* Frameworks */ = {
			isa = PBXFrameworksBuildPhase;
			buildActionMask = 2147483647;
			files = (
			);
			runOnlyForDeploymentPostprocessing = 0;
		};
		FC0CE42B267DB7EF00BABBF3 /* Frameworks */ = {
			isa = PBXFrameworksBuildPhase;
			buildActionMask = 2147483647;
			files = (
			);
			runOnlyForDeploymentPostprocessing = 0;
		};
		FC0CE436267DB7EF00BABBF3 /* Frameworks */ = {
			isa = PBXFrameworksBuildPhase;
			buildActionMask = 2147483647;
			files = (
			);
			runOnlyForDeploymentPostprocessing = 0;
		};
/* End PBXFrameworksBuildPhase section */

/* Begin PBXGroup section */
		FC0CE40F267DB7EE00BABBF3 = {
			isa = PBXGroup;
			children = (
				FC0CE41A267DB7EE00BABBF3 /* nba-teams */,
				FC0CE431267DB7EF00BABBF3 /* nba-teamsTests */,
				FC0CE43C267DB7EF00BABBF3 /* nba-teamsUITests */,
				FC0CE419267DB7EE00BABBF3 /* Products */,
			);
			sourceTree = "<group>";
		};
		FC0CE419267DB7EE00BABBF3 /* Products */ = {
			isa = PBXGroup;
			children = (
				FC0CE418267DB7EE00BABBF3 /* nba-teams.app */,
				FC0CE42E267DB7EF00BABBF3 /* nba-teamsTests.xctest */,
				FC0CE439267DB7EF00BABBF3 /* nba-teamsUITests.xctest */,
			);
			name = Products;
			sourceTree = "<group>";
		};
		FC0CE41A267DB7EE00BABBF3 /* nba-teams */ = {
			isa = PBXGroup;
			children = (
				FC0CE458267DCC2200BABBF3 /* Controllers */,
				FC0CE44B267DBB5400BABBF3 /* Model */,
				FC0CE41B267DB7EE00BABBF3 /* AppDelegate.swift */,
				FC0CE41D267DB7EE00BABBF3 /* SceneDelegate.swift */,
				FC0CE421267DB7EE00BABBF3 /* Main.storyboard */,
				FC0CE424267DB7EF00BABBF3 /* Assets.xcassets */,
				FC0CE426267DB7EF00BABBF3 /* LaunchScreen.storyboard */,
				FC0CE429267DB7EF00BABBF3 /* Info.plist */,
				FC0CE452267DC12D00BABBF3 /* Constants.swift */,
			);
			path = "nba-teams";
			sourceTree = "<group>";
		};
		FC0CE431267DB7EF00BABBF3 /* nba-teamsTests */ = {
			isa = PBXGroup;
			children = (
				FC0CE432267DB7EF00BABBF3 /* nba_teamsTests.swift */,
				FC0CE434267DB7EF00BABBF3 /* Info.plist */,
			);
			path = "nba-teamsTests";
			sourceTree = "<group>";
		};
		FC0CE43C267DB7EF00BABBF3 /* nba-teamsUITests */ = {
			isa = PBXGroup;
			children = (
				FC0CE43D267DB7EF00BABBF3 /* nba_teamsUITests.swift */,
				FC0CE43F267DB7EF00BABBF3 /* Info.plist */,
			);
			path = "nba-teamsUITests";
			sourceTree = "<group>";
		};
		FC0CE44B267DBB5400BABBF3 /* Model */ = {
			isa = PBXGroup;
			children = (
				FC0CE44C267DBB8100BABBF3 /* Network.swift */,
				FC0CE44E267DBBC100BABBF3 /* NetworkError.swift */,
				FC0CE450267DBECC00BABBF3 /* Team.swift */,
				FC0CE454267DC59D00BABBF3 /* Endpoint.swift */,
				FC0CE456267DC75800BABBF3 /* WebServices.swift */,
			);
			path = Model;
			sourceTree = "<group>";
		};
		FC0CE458267DCC2200BABBF3 /* Controllers */ = {
			isa = PBXGroup;
			children = (
				FC0CE459267DCC3500BABBF3 /* TeamsViewController.swift */,
			);
			path = Controllers;
			sourceTree = "<group>";
		};
/* End PBXGroup section */

/* Begin PBXNativeTarget section */
		FC0CE417267DB7EE00BABBF3 /* nba-teams */ = {
			isa = PBXNativeTarget;
			buildConfigurationList = FC0CE442267DB7EF00BABBF3 /* Build configuration list for PBXNativeTarget "nba-teams" */;
			buildPhases = (
				FC0CE414267DB7EE00BABBF3 /* Sources */,
				FC0CE415267DB7EE00BABBF3 /* Frameworks */,
				FC0CE416267DB7EE00BABBF3 /* Resources */,
			);
			buildRules = (
			);
			dependencies = (
			);
			name = "nba-teams";
			productName = "nba-teams";
			productReference = FC0CE418267DB7EE00BABBF3 /* nba-teams.app */;
			productType = "com.apple.product-type.application";
		};
		FC0CE42D267DB7EF00BABBF3 /* nba-teamsTests */ = {
			isa = PBXNativeTarget;
			buildConfigurationList = FC0CE445267DB7EF00BABBF3 /* Build configuration list for PBXNativeTarget "nba-teamsTests" */;
			buildPhases = (
				FC0CE42A267DB7EF00BABBF3 /* Sources */,
				FC0CE42B267DB7EF00BABBF3 /* Frameworks */,
				FC0CE42C267DB7EF00BABBF3 /* Resources */,
			);
			buildRules = (
			);
			dependencies = (
				FC0CE430267DB7EF00BABBF3 /* PBXTargetDependency */,
			);
			name = "nba-teamsTests";
			productName = "nba-teamsTests";
			productReference = FC0CE42E267DB7EF00BABBF3 /* nba-teamsTests.xctest */;
			productType = "com.apple.product-type.bundle.unit-test";
		};
		FC0CE438267DB7EF00BABBF3 /* nba-teamsUITests */ = {
			isa = PBXNativeTarget;
			buildConfigurationList = FC0CE448267DB7EF00BABBF3 /* Build configuration list for PBXNativeTarget "nba-teamsUITests" */;
			buildPhases = (
				FC0CE435267DB7EF00BABBF3 /* Sources */,
				FC0CE436267DB7EF00BABBF3 /* Frameworks */,
				FC0CE437267DB7EF00BABBF3 /* Resources */,
			);
			buildRules = (
			);
			dependencies = (
				FC0CE43B267DB7EF00BABBF3 /* PBXTargetDependency */,
			);
			name = "nba-teamsUITests";
			productName = "nba-teamsUITests";
			productReference = FC0CE439267DB7EF00BABBF3 /* nba-teamsUITests.xctest */;
			productType = "com.apple.product-type.bundle.ui-testing";
		};
/* End PBXNativeTarget section */

/* Begin PBXProject section */
		FC0CE410267DB7EE00BABBF3 /* Project object */ = {
			isa = PBXProject;
			attributes = {
				LastSwiftUpdateCheck = 1250;
				LastUpgradeCheck = 1250;
				TargetAttributes = {
					FC0CE417267DB7EE00BABBF3 = {
						CreatedOnToolsVersion = 12.5;
					};
					FC0CE42D267DB7EF00BABBF3 = {
						CreatedOnToolsVersion = 12.5;
						TestTargetID = FC0CE417267DB7EE00BABBF3;
					};
					FC0CE438267DB7EF00BABBF3 = {
						CreatedOnToolsVersion = 12.5;
						TestTargetID = FC0CE417267DB7EE00BABBF3;
					};
				};
			};
			buildConfigurationList = FC0CE413267DB7EE00BABBF3 /* Build configuration list for PBXProject "nba-teams" */;
			compatibilityVersion = "Xcode 9.3";
			developmentRegion = en;
			hasScannedForEncodings = 0;
			knownRegions = (
				en,
				Base,
			);
			mainGroup = FC0CE40F267DB7EE00BABBF3;
			productRefGroup = FC0CE419267DB7EE00BABBF3 /* Products */;
			projectDirPath = "";
			projectRoot = "";
			targets = (
				FC0CE417267DB7EE00BABBF3 /* nba-teams */,
				FC0CE42D267DB7EF00BABBF3 /* nba-teamsTests */,
				FC0CE438267DB7EF00BABBF3 /* nba-teamsUITests */,
			);
		};
/* End PBXProject section */

/* Begin PBXResourcesBuildPhase section */
		FC0CE416267DB7EE00BABBF3 /* Resources */ = {
			isa = PBXResourcesBuildPhase;
			buildActionMask = 2147483647;
			files = (
				FC0CE428267DB7EF00BABBF3 /* LaunchScreen.storyboard in Resources */,
				FC0CE425267DB7EF00BABBF3 /* Assets.xcassets in Resources */,
				FC0CE423267DB7EE00BABBF3 /* Main.storyboard in Resources */,
			);
			runOnlyForDeploymentPostprocessing = 0;
		};
		FC0CE42C267DB7EF00BABBF3 /* Resources */ = {
			isa = PBXResourcesBuildPhase;
			buildActionMask = 2147483647;
			files = (
			);
			runOnlyForDeploymentPostprocessing = 0;
		};
		FC0CE437267DB7EF00BABBF3 /* Resources */ = {
			isa = PBXResourcesBuildPhase;
			buildActionMask = 2147483647;
			files = (
			);
			runOnlyForDeploymentPostprocessing = 0;
		};
/* End PBXResourcesBuildPhase section */

/* Begin PBXSourcesBuildPhase section */
		FC0CE414267DB7EE00BABBF3 /* Sources */ = {
			isa = PBXSourcesBuildPhase;
			buildActionMask = 2147483647;
			files = (
				FC0CE455267DC59D00BABBF3 /* Endpoint.swift in Sources */,
				FC0CE41C267DB7EE00BABBF3 /* AppDelegate.swift in Sources */,
				FC0CE44F267DBBC100BABBF3 /* NetworkError.swift in Sources */,
				FC0CE41E267DB7EE00BABBF3 /* SceneDelegate.swift in Sources */,
				FC0CE451267DBECC00BABBF3 /* Team.swift in Sources */,
				FC0CE44D267DBB8100BABBF3 /* Network.swift in Sources */,
				FC0CE457267DC75800BABBF3 /* WebServices.swift in Sources */,
				FC0CE45A267DCC3500BABBF3 /* TeamsViewController.swift in Sources */,
				FC0CE453267DC12D00BABBF3 /* Constants.swift in Sources */,
			);
			runOnlyForDeploymentPostprocessing = 0;
		};
		FC0CE42A267DB7EF00BABBF3 /* Sources */ = {
			isa = PBXSourcesBuildPhase;
			buildActionMask = 2147483647;
			files = (
				FC0CE433267DB7EF00BABBF3 /* nba_teamsTests.swift in Sources */,
			);
			runOnlyForDeploymentPostprocessing = 0;
		};
		FC0CE435267DB7EF00BABBF3 /* Sources */ = {
			isa = PBXSourcesBuildPhase;
			buildActionMask = 2147483647;
			files = (
				FC0CE43E267DB7EF00BABBF3 /* nba_teamsUITests.swift in Sources */,
			);
			runOnlyForDeploymentPostprocessing = 0;
		};
/* End PBXSourcesBuildPhase section */

/* Begin PBXTargetDependency section */
		FC0CE430267DB7EF00BABBF3 /* PBXTargetDependency */ = {
			isa = PBXTargetDependency;
			target = FC0CE417267DB7EE00BABBF3 /* nba-teams */;
			targetProxy = FC0CE42F267DB7EF00BABBF3 /* PBXContainerItemProxy */;
		};
		FC0CE43B267DB7EF00BABBF3 /* PBXTargetDependency */ = {
			isa = PBXTargetDependency;
			target = FC0CE417267DB7EE00BABBF3 /* nba-teams */;
			targetProxy = FC0CE43A267DB7EF00BABBF3 /* PBXContainerItemProxy */;
		};
/* End PBXTargetDependency section */

/* Begin PBXVariantGroup section */
		FC0CE421267DB7EE00BABBF3 /* Main.storyboard */ = {
			isa = PBXVariantGroup;
			children = (
				FC0CE422267DB7EE00BABBF3 /* Base */,
			);
			name = Main.storyboard;
			sourceTree = "<group>";
		};
		FC0CE426267DB7EF00BABBF3 /* LaunchScreen.storyboard */ = {
			isa = PBXVariantGroup;
			children = (
				FC0CE427267DB7EF00BABBF3 /* Base */,
			);
			name = LaunchScreen.storyboard;
			sourceTree = "<group>";
		};
/* End PBXVariantGroup section */

/* Begin XCBuildConfiguration section */
		FC0CE440267DB7EF00BABBF3 /* Debug */ = {
			isa = XCBuildConfiguration;
			buildSettings = {
				ALWAYS_SEARCH_USER_PATHS = NO;
				CLANG_ANALYZER_NONNULL = YES;
				CLANG_ANALYZER_NUMBER_OBJECT_CONVERSION = YES_AGGRESSIVE;
				CLANG_CXX_LANGUAGE_STANDARD = "gnu++14";
				CLANG_CXX_LIBRARY = "libc++";
				CLANG_ENABLE_MODULES = YES;
				CLANG_ENABLE_OBJC_ARC = YES;
				CLANG_ENABLE_OBJC_WEAK = YES;
				CLANG_WARN_BLOCK_CAPTURE_AUTORELEASING = YES;
				CLANG_WARN_BOOL_CONVERSION = YES;
				CLANG_WARN_COMMA = YES;
				CLANG_WARN_CONSTANT_CONVERSION = YES;
				CLANG_WARN_DEPRECATED_OBJC_IMPLEMENTATIONS = YES;
				CLANG_WARN_DIRECT_OBJC_ISA_USAGE = YES_ERROR;
				CLANG_WARN_DOCUMENTATION_COMMENTS = YES;
				CLANG_WARN_EMPTY_BODY = YES;
				CLANG_WARN_ENUM_CONVERSION = YES;
				CLANG_WARN_INFINITE_RECURSION = YES;
				CLANG_WARN_INT_CONVERSION = YES;
				CLANG_WARN_NON_LITERAL_NULL_CONVERSION = YES;
				CLANG_WARN_OBJC_IMPLICIT_RETAIN_SELF = YES;
				CLANG_WARN_OBJC_LITERAL_CONVERSION = YES;
				CLANG_WARN_OBJC_ROOT_CLASS = YES_ERROR;
				CLANG_WARN_QUOTED_INCLUDE_IN_FRAMEWORK_HEADER = YES;
				CLANG_WARN_RANGE_LOOP_ANALYSIS = YES;
				CLANG_WARN_STRICT_PROTOTYPES = YES;
				CLANG_WARN_SUSPICIOUS_MOVE = YES;
				CLANG_WARN_UNGUARDED_AVAILABILITY = YES_AGGRESSIVE;
				CLANG_WARN_UNREACHABLE_CODE = YES;
				CLANG_WARN__DUPLICATE_METHOD_MATCH = YES;
				COPY_PHASE_STRIP = NO;
				DEBUG_INFORMATION_FORMAT = dwarf;
				ENABLE_STRICT_OBJC_MSGSEND = YES;
				ENABLE_TESTABILITY = YES;
				GCC_C_LANGUAGE_STANDARD = gnu11;
				GCC_DYNAMIC_NO_PIC = NO;
				GCC_NO_COMMON_BLOCKS = YES;
				GCC_OPTIMIZATION_LEVEL = 0;
				GCC_PREPROCESSOR_DEFINITIONS = (
					"DEBUG=1",
					"$(inherited)",
				);
				GCC_WARN_64_TO_32_BIT_CONVERSION = YES;
				GCC_WARN_ABOUT_RETURN_TYPE = YES_ERROR;
				GCC_WARN_UNDECLARED_SELECTOR = YES;
				GCC_WARN_UNINITIALIZED_AUTOS = YES_AGGRESSIVE;
				GCC_WARN_UNUSED_FUNCTION = YES;
				GCC_WARN_UNUSED_VARIABLE = YES;
				IPHONEOS_DEPLOYMENT_TARGET = 14.5;
				MTL_ENABLE_DEBUG_INFO = INCLUDE_SOURCE;
				MTL_FAST_MATH = YES;
				ONLY_ACTIVE_ARCH = YES;
				SDKROOT = iphoneos;
				SWIFT_ACTIVE_COMPILATION_CONDITIONS = DEBUG;
				SWIFT_OPTIMIZATION_LEVEL = "-Onone";
			};
			name = Debug;
		};
		FC0CE441267DB7EF00BABBF3 /* Release */ = {
			isa = XCBuildConfiguration;
			buildSettings = {
				ALWAYS_SEARCH_USER_PATHS = NO;
				CLANG_ANALYZER_NONNULL = YES;
				CLANG_ANALYZER_NUMBER_OBJECT_CONVERSION = YES_AGGRESSIVE;
				CLANG_CXX_LANGUAGE_STANDARD = "gnu++14";
				CLANG_CXX_LIBRARY = "libc++";
				CLANG_ENABLE_MODULES = YES;
				CLANG_ENABLE_OBJC_ARC = YES;
				CLANG_ENABLE_OBJC_WEAK = YES;
				CLANG_WARN_BLOCK_CAPTURE_AUTORELEASING = YES;
				CLANG_WARN_BOOL_CONVERSION = YES;
				CLANG_WARN_COMMA = YES;
				CLANG_WARN_CONSTANT_CONVERSION = YES;
				CLANG_WARN_DEPRECATED_OBJC_IMPLEMENTATIONS = YES;
				CLANG_WARN_DIRECT_OBJC_ISA_USAGE = YES_ERROR;
				CLANG_WARN_DOCUMENTATION_COMMENTS = YES;
				CLANG_WARN_EMPTY_BODY = YES;
				CLANG_WARN_ENUM_CONVERSION = YES;
				CLANG_WARN_INFINITE_RECURSION = YES;
				CLANG_WARN_INT_CONVERSION = YES;
				CLANG_WARN_NON_LITERAL_NULL_CONVERSION = YES;
				CLANG_WARN_OBJC_IMPLICIT_RETAIN_SELF = YES;
				CLANG_WARN_OBJC_LITERAL_CONVERSION = YES;
				CLANG_WARN_OBJC_ROOT_CLASS = YES_ERROR;
				CLANG_WARN_QUOTED_INCLUDE_IN_FRAMEWORK_HEADER = YES;
				CLANG_WARN_RANGE_LOOP_ANALYSIS = YES;
				CLANG_WARN_STRICT_PROTOTYPES = YES;
				CLANG_WARN_SUSPICIOUS_MOVE = YES;
				CLANG_WARN_UNGUARDED_AVAILABILITY = YES_AGGRESSIVE;
				CLANG_WARN_UNREACHABLE_CODE = YES;
				CLANG_WARN__DUPLICATE_METHOD_MATCH = YES;
				COPY_PHASE_STRIP = NO;
				DEBUG_INFORMATION_FORMAT = "dwarf-with-dsym";
				ENABLE_NS_ASSERTIONS = NO;
				ENABLE_STRICT_OBJC_MSGSEND = YES;
				GCC_C_LANGUAGE_STANDARD = gnu11;
				GCC_NO_COMMON_BLOCKS = YES;
				GCC_WARN_64_TO_32_BIT_CONVERSION = YES;
				GCC_WARN_ABOUT_RETURN_TYPE = YES_ERROR;
				GCC_WARN_UNDECLARED_SELECTOR = YES;
				GCC_WARN_UNINITIALIZED_AUTOS = YES_AGGRESSIVE;
				GCC_WARN_UNUSED_FUNCTION = YES;
				GCC_WARN_UNUSED_VARIABLE = YES;
				IPHONEOS_DEPLOYMENT_TARGET = 14.5;
				MTL_ENABLE_DEBUG_INFO = NO;
				MTL_FAST_MATH = YES;
				SDKROOT = iphoneos;
				SWIFT_COMPILATION_MODE = wholemodule;
				SWIFT_OPTIMIZATION_LEVEL = "-O";
				VALIDATE_PRODUCT = YES;
			};
			name = Release;
		};
		FC0CE443267DB7EF00BABBF3 /* Debug */ = {
			isa = XCBuildConfiguration;
			buildSettings = {
				ASSETCATALOG_COMPILER_APPICON_NAME = AppIcon;
				ASSETCATALOG_COMPILER_GLOBAL_ACCENT_COLOR_NAME = AccentColor;
				CODE_SIGN_STYLE = Automatic;
				DEVELOPMENT_TEAM = 83KGD4XQFU;
				INFOPLIST_FILE = "nba-teams/Info.plist";
				LD_RUNPATH_SEARCH_PATHS = (
					"$(inherited)",
					"@executable_path/Frameworks",
				);
				PRODUCT_BUNDLE_IDENTIFIER = "it.apdsoftware.nba-teams";
				PRODUCT_NAME = "$(TARGET_NAME)";
				SWIFT_VERSION = 5.0;
				TARGETED_DEVICE_FAMILY = "1,2";
			};
			name = Debug;
		};
		FC0CE444267DB7EF00BABBF3 /* Release */ = {
			isa = XCBuildConfiguration;
			buildSettings = {
				ASSETCATALOG_COMPILER_APPICON_NAME = AppIcon;
				ASSETCATALOG_COMPILER_GLOBAL_ACCENT_COLOR_NAME = AccentColor;
				CODE_SIGN_STYLE = Automatic;
				DEVELOPMENT_TEAM = 83KGD4XQFU;
				INFOPLIST_FILE = "nba-teams/Info.plist";
				LD_RUNPATH_SEARCH_PATHS = (
					"$(inherited)",
					"@executable_path/Frameworks",
				);
				PRODUCT_BUNDLE_IDENTIFIER = "it.apdsoftware.nba-teams";
				PRODUCT_NAME = "$(TARGET_NAME)";
				SWIFT_VERSION = 5.0;
				TARGETED_DEVICE_FAMILY = "1,2";
			};
			name = Release;
		};
		FC0CE446267DB7EF00BABBF3 /* Debug */ = {
			isa = XCBuildConfiguration;
			buildSettings = {
				ALWAYS_EMBED_SWIFT_STANDARD_LIBRARIES = YES;
				BUNDLE_LOADER = "$(TEST_HOST)";
				CODE_SIGN_STYLE = Automatic;
				DEVELOPMENT_TEAM = 83KGD4XQFU;
				INFOPLIST_FILE = "nba-teamsTests/Info.plist";
				IPHONEOS_DEPLOYMENT_TARGET = 14.5;
				LD_RUNPATH_SEARCH_PATHS = (
					"$(inherited)",
					"@executable_path/Frameworks",
					"@loader_path/Frameworks",
				);
				PRODUCT_BUNDLE_IDENTIFIER = "it.apdsoftware.nba-teamsTests";
				PRODUCT_NAME = "$(TARGET_NAME)";
				SWIFT_VERSION = 5.0;
				TARGETED_DEVICE_FAMILY = "1,2";
				TEST_HOST = "$(BUILT_PRODUCTS_DIR)/nba-teams.app/nba-teams";
			};
			name = Debug;
		};
		FC0CE447267DB7EF00BABBF3 /* Release */ = {
			isa = XCBuildConfiguration;
			buildSettings = {
				ALWAYS_EMBED_SWIFT_STANDARD_LIBRARIES = YES;
				BUNDLE_LOADER = "$(TEST_HOST)";
				CODE_SIGN_STYLE = Automatic;
				DEVELOPMENT_TEAM = 83KGD4XQFU;
				INFOPLIST_FILE = "nba-teamsTests/Info.plist";
				IPHONEOS_DEPLOYMENT_TARGET = 14.5;
				LD_RUNPATH_SEARCH_PATHS = (
					"$(inherited)",
					"@executable_path/Frameworks",
					"@loader_path/Frameworks",
				);
				PRODUCT_BUNDLE_IDENTIFIER = "it.apdsoftware.nba-teamsTests";
				PRODUCT_NAME = "$(TARGET_NAME)";
				SWIFT_VERSION = 5.0;
				TARGETED_DEVICE_FAMILY = "1,2";
				TEST_HOST = "$(BUILT_PRODUCTS_DIR)/nba-teams.app/nba-teams";
			};
			name = Release;
		};
		FC0CE449267DB7EF00BABBF3 /* Debug */ = {
			isa = XCBuildConfiguration;
			buildSettings = {
				ALWAYS_EMBED_SWIFT_STANDARD_LIBRARIES = YES;
				CODE_SIGN_STYLE = Automatic;
				DEVELOPMENT_TEAM = 83KGD4XQFU;
				INFOPLIST_FILE = "nba-teamsUITests/Info.plist";
				LD_RUNPATH_SEARCH_PATHS = (
					"$(inherited)",
					"@executable_path/Frameworks",
					"@loader_path/Frameworks",
				);
				PRODUCT_BUNDLE_IDENTIFIER = "it.apdsoftware.nba-teamsUITests";
				PRODUCT_NAME = "$(TARGET_NAME)";
				SWIFT_VERSION = 5.0;
				TARGETED_DEVICE_FAMILY = "1,2";
				TEST_TARGET_NAME = "nba-teams";
			};
			name = Debug;
		};
		FC0CE44A267DB7EF00BABBF3 /* Release */ = {
			isa = XCBuildConfiguration;
			buildSettings = {
				ALWAYS_EMBED_SWIFT_STANDARD_LIBRARIES = YES;
				CODE_SIGN_STYLE = Automatic;
				DEVELOPMENT_TEAM = 83KGD4XQFU;
				INFOPLIST_FILE = "nba-teamsUITests/Info.plist";
				LD_RUNPATH_SEARCH_PATHS = (
					"$(inherited)",
					"@executable_path/Frameworks",
					"@loader_path/Frameworks",
				);
				PRODUCT_BUNDLE_IDENTIFIER = "it.apdsoftware.nba-teamsUITests";
				PRODUCT_NAME = "$(TARGET_NAME)";
				SWIFT_VERSION = 5.0;
				TARGETED_DEVICE_FAMILY = "1,2";
				TEST_TARGET_NAME = "nba-teams";
			};
			name = Release;
		};
/* End XCBuildConfiguration section */

/* Begin XCConfigurationList section */
		FC0CE413267DB7EE00BABBF3 /* Build configuration list for PBXProject "nba-teams" */ = {
			isa = XCConfigurationList;
			buildConfigurations = (
				FC0CE440267DB7EF00BABBF3 /* Debug */,
				FC0CE441267DB7EF00BABBF3 /* Release */,
			);
			defaultConfigurationIsVisible = 0;
			defaultConfigurationName = Release;
		};
		FC0CE442267DB7EF00BABBF3 /* Build configuration list for PBXNativeTarget "nba-teams" */ = {
			isa = XCConfigurationList;
			buildConfigurations = (
				FC0CE443267DB7EF00BABBF3 /* Debug */,
				FC0CE444267DB7EF00BABBF3 /* Release */,
			);
			defaultConfigurationIsVisible = 0;
			defaultConfigurationName = Release;
		};
		FC0CE445267DB7EF00BABBF3 /* Build configuration list for PBXNativeTarget "nba-teamsTests" */ = {
			isa = XCConfigurationList;
			buildConfigurations = (
				FC0CE446267DB7EF00BABBF3 /* Debug */,
				FC0CE447267DB7EF00BABBF3 /* Release */,
			);
			defaultConfigurationIsVisible = 0;
			defaultConfigurationName = Release;
		};
		FC0CE448267DB7EF00BABBF3 /* Build configuration list for PBXNativeTarget "nba-teamsUITests" */ = {
			isa = XCConfigurationList;
			buildConfigurations = (
				FC0CE449267DB7EF00BABBF3 /* Debug */,
				FC0CE44A267DB7EF00BABBF3 /* Release */,
			);
			defaultConfigurationIsVisible = 0;
			defaultConfigurationName = Release;
		};
/* End XCConfigurationList section */
	};
	rootObject = FC0CE410267DB7EE00BABBF3 /* Project object */;
}
